// !$*UTF8*$!
{
	archiveVersion = 1;
	classes = {
	};
	objectVersion = 55;
	objects = {

/* Begin PBXBuildFile section */
		85BA3948777378EE9DF4FACA /* Pods_BankMisr.framework in Frameworks */ = {isa = PBXBuildFile; fileRef = A5983300468BAAC4A44AB88C /* Pods_BankMisr.framework */; };
		9C1696FB29393CD300D858AF /* APICall.swift in Sources */ = {isa = PBXBuildFile; fileRef = 9C1696FA29393CD300D858AF /* APICall.swift */; };
		9C1696FE29393E0300D858AF /* HttpStatusCode.swift in Sources */ = {isa = PBXBuildFile; fileRef = 9C1696FD29393E0300D858AF /* HttpStatusCode.swift */; };
		9C16970029393F7500D858AF /* Const.swift in Sources */ = {isa = PBXBuildFile; fileRef = 9C1696FF29393F7500D858AF /* Const.swift */; };
		9C1697022939437100D858AF /* BMError.swift in Sources */ = {isa = PBXBuildFile; fileRef = 9C1697012939437100D858AF /* BMError.swift */; };
		9C1697042939456000D858AF /* Keys-Info.plist in Resources */ = {isa = PBXBuildFile; fileRef = 9C1697032939456000D858AF /* Keys-Info.plist */; };
		9C1697062939464000D858AF /* URLCreator.swift in Sources */ = {isa = PBXBuildFile; fileRef = 9C1697052939464000D858AF /* URLCreator.swift */; };
		9C169708293947AE00D858AF /* APIRoutes.swift in Sources */ = {isa = PBXBuildFile; fileRef = 9C169707293947AE00D858AF /* APIRoutes.swift */; };
		9C16970A2939F7ED00D858AF /* TodoCodable.swift in Sources */ = {isa = PBXBuildFile; fileRef = 9C1697092939F7ED00D858AF /* TodoCodable.swift */; };
		9C16970C2939F8CC00D858AF /* TodoListCodable.swift in Sources */ = {isa = PBXBuildFile; fileRef = 9C16970B2939F8CC00D858AF /* TodoListCodable.swift */; };
		9C16970E293A034C00D858AF /* BMBaseViewModel.swift in Sources */ = {isa = PBXBuildFile; fileRef = 9C16970D293A034C00D858AF /* BMBaseViewModel.swift */; };
		9C169710293A03D700D858AF /* Repository.swift in Sources */ = {isa = PBXBuildFile; fileRef = 9C16970F293A03D700D858AF /* Repository.swift */; };
		9C677627293C877900EE2979 /* SymbolsCodable.swift in Sources */ = {isa = PBXBuildFile; fileRef = 9C677626293C877800EE2979 /* SymbolsCodable.swift */; };
		9C982F7929379474003D2FB6 /* AppDelegate.swift in Sources */ = {isa = PBXBuildFile; fileRef = 9C982F7829379474003D2FB6 /* AppDelegate.swift */; };
		9C982F7B29379474003D2FB6 /* SceneDelegate.swift in Sources */ = {isa = PBXBuildFile; fileRef = 9C982F7A29379474003D2FB6 /* SceneDelegate.swift */; };
		9C982F7D29379474003D2FB6 /* ConvertViewController.swift in Sources */ = {isa = PBXBuildFile; fileRef = 9C982F7C29379474003D2FB6 /* ConvertViewController.swift */; };
		9C982F8029379474003D2FB6 /* Main.storyboard in Resources */ = {isa = PBXBuildFile; fileRef = 9C982F7E29379474003D2FB6 /* Main.storyboard */; };
		9C982F8229379476003D2FB6 /* Assets.xcassets in Resources */ = {isa = PBXBuildFile; fileRef = 9C982F8129379476003D2FB6 /* Assets.xcassets */; };
		9C982F8529379476003D2FB6 /* LaunchScreen.storyboard in Resources */ = {isa = PBXBuildFile; fileRef = 9C982F8329379476003D2FB6 /* LaunchScreen.storyboard */; };
		9C982F8D2937A7E2003D2FB6 /* CurrencyConverterViewModel.swift in Sources */ = {isa = PBXBuildFile; fileRef = 9C982F8C2937A7E2003D2FB6 /* CurrencyConverterViewModel.swift */; };
		9C982F8F2937ACB8003D2FB6 /* CurrencyModel.swift in Sources */ = {isa = PBXBuildFile; fileRef = 9C982F8E2937ACB8003D2FB6 /* CurrencyModel.swift */; };
		9CD86FDF29380399002246CC /* String+Extension.swift in Sources */ = {isa = PBXBuildFile; fileRef = 9CD86FDE29380399002246CC /* String+Extension.swift */; };
		9CD86FE1293803B0002246CC /* Double+Extension.swift in Sources */ = {isa = PBXBuildFile; fileRef = 9CD86FE0293803B0002246CC /* Double+Extension.swift */; };
/* End PBXBuildFile section */

/* Begin PBXFileReference section */
		4DC71450C11278C68DE1A1F2 /* Pods-BankMisr.release.xcconfig */ = {isa = PBXFileReference; includeInIndex = 1; lastKnownFileType = text.xcconfig; name = "Pods-BankMisr.release.xcconfig"; path = "Target Support Files/Pods-BankMisr/Pods-BankMisr.release.xcconfig"; sourceTree = "<group>"; };
		9C1696FA29393CD300D858AF /* APICall.swift */ = {isa = PBXFileReference; lastKnownFileType = sourcecode.swift; path = APICall.swift; sourceTree = "<group>"; };
		9C1696FD29393E0300D858AF /* HttpStatusCode.swift */ = {isa = PBXFileReference; lastKnownFileType = sourcecode.swift; path = HttpStatusCode.swift; sourceTree = "<group>"; };
		9C1696FF29393F7500D858AF /* Const.swift */ = {isa = PBXFileReference; lastKnownFileType = sourcecode.swift; path = Const.swift; sourceTree = "<group>"; };
		9C1697012939437100D858AF /* BMError.swift */ = {isa = PBXFileReference; lastKnownFileType = sourcecode.swift; path = BMError.swift; sourceTree = "<group>"; };
		9C1697032939456000D858AF /* Keys-Info.plist */ = {isa = PBXFileReference; lastKnownFileType = text.plist.xml; path = "Keys-Info.plist"; sourceTree = "<group>"; };
		9C1697052939464000D858AF /* URLCreator.swift */ = {isa = PBXFileReference; lastKnownFileType = sourcecode.swift; path = URLCreator.swift; sourceTree = "<group>"; };
		9C169707293947AE00D858AF /* APIRoutes.swift */ = {isa = PBXFileReference; lastKnownFileType = sourcecode.swift; path = APIRoutes.swift; sourceTree = "<group>"; };
		9C1697092939F7ED00D858AF /* TodoCodable.swift */ = {isa = PBXFileReference; lastKnownFileType = sourcecode.swift; path = TodoCodable.swift; sourceTree = "<group>"; };
		9C16970B2939F8CC00D858AF /* TodoListCodable.swift */ = {isa = PBXFileReference; lastKnownFileType = sourcecode.swift; path = TodoListCodable.swift; sourceTree = "<group>"; };
		9C16970D293A034C00D858AF /* BMBaseViewModel.swift */ = {isa = PBXFileReference; lastKnownFileType = sourcecode.swift; path = BMBaseViewModel.swift; sourceTree = "<group>"; };
		9C16970F293A03D700D858AF /* Repository.swift */ = {isa = PBXFileReference; lastKnownFileType = sourcecode.swift; path = Repository.swift; sourceTree = "<group>"; };
		9C677626293C877800EE2979 /* SymbolsCodable.swift */ = {isa = PBXFileReference; lastKnownFileType = sourcecode.swift; path = SymbolsCodable.swift; sourceTree = "<group>"; };
		9C982F7529379474003D2FB6 /* BankMisr.app */ = {isa = PBXFileReference; explicitFileType = wrapper.application; includeInIndex = 0; path = BankMisr.app; sourceTree = BUILT_PRODUCTS_DIR; };
		9C982F7829379474003D2FB6 /* AppDelegate.swift */ = {isa = PBXFileReference; lastKnownFileType = sourcecode.swift; path = AppDelegate.swift; sourceTree = "<group>"; };
		9C982F7A29379474003D2FB6 /* SceneDelegate.swift */ = {isa = PBXFileReference; lastKnownFileType = sourcecode.swift; path = SceneDelegate.swift; sourceTree = "<group>"; };
		9C982F7C29379474003D2FB6 /* ConvertViewController.swift */ = {isa = PBXFileReference; lastKnownFileType = sourcecode.swift; path = ConvertViewController.swift; sourceTree = "<group>"; };
		9C982F7F29379474003D2FB6 /* Base */ = {isa = PBXFileReference; lastKnownFileType = file.storyboard; name = Base; path = Base.lproj/Main.storyboard; sourceTree = "<group>"; };
		9C982F8129379476003D2FB6 /* Assets.xcassets */ = {isa = PBXFileReference; lastKnownFileType = folder.assetcatalog; path = Assets.xcassets; sourceTree = "<group>"; };
		9C982F8429379476003D2FB6 /* Base */ = {isa = PBXFileReference; lastKnownFileType = file.storyboard; name = Base; path = Base.lproj/LaunchScreen.storyboard; sourceTree = "<group>"; };
		9C982F8629379476003D2FB6 /* Info.plist */ = {isa = PBXFileReference; lastKnownFileType = text.plist.xml; path = Info.plist; sourceTree = "<group>"; };
		9C982F8C2937A7E2003D2FB6 /* CurrencyConverterViewModel.swift */ = {isa = PBXFileReference; lastKnownFileType = sourcecode.swift; path = CurrencyConverterViewModel.swift; sourceTree = "<group>"; };
		9C982F8E2937ACB8003D2FB6 /* CurrencyModel.swift */ = {isa = PBXFileReference; lastKnownFileType = sourcecode.swift; path = CurrencyModel.swift; sourceTree = "<group>"; };
		9CD86FDE29380399002246CC /* String+Extension.swift */ = {isa = PBXFileReference; lastKnownFileType = sourcecode.swift; path = "String+Extension.swift"; sourceTree = "<group>"; };
		9CD86FE0293803B0002246CC /* Double+Extension.swift */ = {isa = PBXFileReference; lastKnownFileType = sourcecode.swift; path = "Double+Extension.swift"; sourceTree = "<group>"; };
		A5983300468BAAC4A44AB88C /* Pods_BankMisr.framework */ = {isa = PBXFileReference; explicitFileType = wrapper.framework; includeInIndex = 0; path = Pods_BankMisr.framework; sourceTree = BUILT_PRODUCTS_DIR; };
		AE00396EF9BFAE2A3C40FD4F /* Pods-BankMisr.debug.xcconfig */ = {isa = PBXFileReference; includeInIndex = 1; lastKnownFileType = text.xcconfig; name = "Pods-BankMisr.debug.xcconfig"; path = "Target Support Files/Pods-BankMisr/Pods-BankMisr.debug.xcconfig"; sourceTree = "<group>"; };
/* End PBXFileReference section */

/* Begin PBXFrameworksBuildPhase section */
		9C982F7229379474003D2FB6 /* Frameworks */ = {
			isa = PBXFrameworksBuildPhase;
			buildActionMask = 2147483647;
			files = (
				85BA3948777378EE9DF4FACA /* Pods_BankMisr.framework in Frameworks */,
			);
			runOnlyForDeploymentPostprocessing = 0;
		};
/* End PBXFrameworksBuildPhase section */

/* Begin PBXGroup section */
		81A26B9E784D0A162A2C862B /* Frameworks */ = {
			isa = PBXGroup;
			children = (
				A5983300468BAAC4A44AB88C /* Pods_BankMisr.framework */,
			);
			name = Frameworks;
			sourceTree = "<group>";
		};
		98971FBBEE7386A86F46F693 /* Pods */ = {
			isa = PBXGroup;
			children = (
				AE00396EF9BFAE2A3C40FD4F /* Pods-BankMisr.debug.xcconfig */,
				4DC71450C11278C68DE1A1F2 /* Pods-BankMisr.release.xcconfig */,
			);
			path = Pods;
			sourceTree = "<group>";
		};
		9C1696FC29393DFA00D858AF /* API */ = {
			isa = PBXGroup;
			children = (
				9C1696FA29393CD300D858AF /* APICall.swift */,
				9C16970F293A03D700D858AF /* Repository.swift */,
				9C1696FD29393E0300D858AF /* HttpStatusCode.swift */,
				9C1696FF29393F7500D858AF /* Const.swift */,
				9C1697012939437100D858AF /* BMError.swift */,
				9C1697052939464000D858AF /* URLCreator.swift */,
				9C169707293947AE00D858AF /* APIRoutes.swift */,
			);
			path = API;
			sourceTree = "<group>";
		};
		9C677625293C876100EE2979 /* Todo Codabl */ = {
			isa = PBXGroup;
			children = (
				9C1697092939F7ED00D858AF /* TodoCodable.swift */,
				9C16970B2939F8CC00D858AF /* TodoListCodable.swift */,
			);
			path = "Todo Codabl";
			sourceTree = "<group>";
		};
		9C982F6C29379474003D2FB6 = {
			isa = PBXGroup;
			children = (
				9C982F7729379474003D2FB6 /* BankMisr */,
				9C982F7629379474003D2FB6 /* Products */,
				98971FBBEE7386A86F46F693 /* Pods */,
				81A26B9E784D0A162A2C862B /* Frameworks */,
			);
			sourceTree = "<group>";
		};
		9C982F7629379474003D2FB6 /* Products */ = {
			isa = PBXGroup;
			children = (
				9C982F7529379474003D2FB6 /* BankMisr.app */,
			);
			name = Products;
			sourceTree = "<group>";
		};
		9C982F7729379474003D2FB6 /* BankMisr */ = {
			isa = PBXGroup;
			children = (
				9C982F7829379474003D2FB6 /* AppDelegate.swift */,
				9C1697032939456000D858AF /* Keys-Info.plist */,
				9C982F7A29379474003D2FB6 /* SceneDelegate.swift */,
				9C677626293C877800EE2979 /* SymbolsCodable.swift */,
				9C677625293C876100EE2979 /* Todo Codabl */,
				9C1696FC29393DFA00D858AF /* API */,
				9CD86FE2293803D7002246CC /* Extension */,
				9CD86FDD29380352002246CC /* View Controller */,
				9CD86FDC2938034B002246CC /* View Model */,
				9CD86FDB29380342002246CC /* Model */,
				9C982F7E29379474003D2FB6 /* Main.storyboard */,
				9C982F8129379476003D2FB6 /* Assets.xcassets */,
				9C982F8329379476003D2FB6 /* LaunchScreen.storyboard */,
				9C982F8629379476003D2FB6 /* Info.plist */,
			);
			path = BankMisr;
			sourceTree = "<group>";
		};
		9CD86FDB29380342002246CC /* Model */ = {
			isa = PBXGroup;
			children = (
				9C982F8E2937ACB8003D2FB6 /* CurrencyModel.swift */,
			);
			path = Model;
			sourceTree = "<group>";
		};
		9CD86FDC2938034B002246CC /* View Model */ = {
			isa = PBXGroup;
			children = (
				9C982F8C2937A7E2003D2FB6 /* CurrencyConverterViewModel.swift */,
				9C16970D293A034C00D858AF /* BMBaseViewModel.swift */,
			);
			path = "View Model";
			sourceTree = "<group>";
		};
		9CD86FDD29380352002246CC /* View Controller */ = {
			isa = PBXGroup;
			children = (
				9C982F7C29379474003D2FB6 /* ConvertViewController.swift */,
			);
			path = "View Controller";
			sourceTree = "<group>";
		};
		9CD86FE2293803D7002246CC /* Extension */ = {
			isa = PBXGroup;
			children = (
				9CD86FDE29380399002246CC /* String+Extension.swift */,
				9CD86FE0293803B0002246CC /* Double+Extension.swift */,
			);
			path = Extension;
			sourceTree = "<group>";
		};
/* End PBXGroup section */

/* Begin PBXNativeTarget section */
		9C982F7429379474003D2FB6 /* BankMisr */ = {
			isa = PBXNativeTarget;
			buildConfigurationList = 9C982F8929379476003D2FB6 /* Build configuration list for PBXNativeTarget "BankMisr" */;
			buildPhases = (
				69BCA53D437D39D3ABD0B90A /* [CP] Check Pods Manifest.lock */,
				9C982F7129379474003D2FB6 /* Sources */,
				9C982F7229379474003D2FB6 /* Frameworks */,
				9C982F7329379474003D2FB6 /* Resources */,
				989EDAD9547019A693304052 /* [CP] Embed Pods Frameworks */,
			);
			buildRules = (
			);
			dependencies = (
			);
			name = BankMisr;
			productName = BankMisr;
			productReference = 9C982F7529379474003D2FB6 /* BankMisr.app */;
			productType = "com.apple.product-type.application";
		};
/* End PBXNativeTarget section */

/* Begin PBXProject section */
		9C982F6D29379474003D2FB6 /* Project object */ = {
			isa = PBXProject;
			attributes = {
				BuildIndependentTargetsInParallel = 1;
				LastSwiftUpdateCheck = 1340;
				LastUpgradeCheck = 1340;
				TargetAttributes = {
					9C982F7429379474003D2FB6 = {
						CreatedOnToolsVersion = 13.4.1;
					};
				};
			};
			buildConfigurationList = 9C982F7029379474003D2FB6 /* Build configuration list for PBXProject "BankMisr" */;
			compatibilityVersion = "Xcode 13.0";
			developmentRegion = en;
			hasScannedForEncodings = 0;
			knownRegions = (
				en,
				Base,
			);
			mainGroup = 9C982F6C29379474003D2FB6;
			productRefGroup = 9C982F7629379474003D2FB6 /* Products */;
			projectDirPath = "";
			projectRoot = "";
			targets = (
				9C982F7429379474003D2FB6 /* BankMisr */,
			);
		};
/* End PBXProject section */

/* Begin PBXResourcesBuildPhase section */
		9C982F7329379474003D2FB6 /* Resources */ = {
			isa = PBXResourcesBuildPhase;
			buildActionMask = 2147483647;
			files = (
				9C982F8529379476003D2FB6 /* LaunchScreen.storyboard in Resources */,
				9C982F8229379476003D2FB6 /* Assets.xcassets in Resources */,
				9C1697042939456000D858AF /* Keys-Info.plist in Resources */,
				9C982F8029379474003D2FB6 /* Main.storyboard in Resources */,
			);
			runOnlyForDeploymentPostprocessing = 0;
		};
/* End PBXResourcesBuildPhase section */

/* Begin PBXShellScriptBuildPhase section */
		69BCA53D437D39D3ABD0B90A /* [CP] Check Pods Manifest.lock */ = {
			isa = PBXShellScriptBuildPhase;
			buildActionMask = 2147483647;
			files = (
			);
			inputFileListPaths = (
			);
			inputPaths = (
				"${PODS_PODFILE_DIR_PATH}/Podfile.lock",
				"${PODS_ROOT}/Manifest.lock",
			);
			name = "[CP] Check Pods Manifest.lock";
			outputFileListPaths = (
			);
			outputPaths = (
				"$(DERIVED_FILE_DIR)/Pods-BankMisr-checkManifestLockResult.txt",
			);
			runOnlyForDeploymentPostprocessing = 0;
			shellPath = /bin/sh;
			shellScript = "diff \"${PODS_PODFILE_DIR_PATH}/Podfile.lock\" \"${PODS_ROOT}/Manifest.lock\" > /dev/null\nif [ $? != 0 ] ; then\n    # print error to STDERR\n    echo \"error: The sandbox is not in sync with the Podfile.lock. Run 'pod install' or update your CocoaPods installation.\" >&2\n    exit 1\nfi\n# This output is used by Xcode 'outputs' to avoid re-running this script phase.\necho \"SUCCESS\" > \"${SCRIPT_OUTPUT_FILE_0}\"\n";
			showEnvVarsInLog = 0;
		};
		989EDAD9547019A693304052 /* [CP] Embed Pods Frameworks */ = {
			isa = PBXShellScriptBuildPhase;
			buildActionMask = 2147483647;
			files = (
			);
			inputFileListPaths = (
				"${PODS_ROOT}/Target Support Files/Pods-BankMisr/Pods-BankMisr-frameworks-${CONFIGURATION}-input-files.xcfilelist",
			);
			name = "[CP] Embed Pods Frameworks";
			outputFileListPaths = (
				"${PODS_ROOT}/Target Support Files/Pods-BankMisr/Pods-BankMisr-frameworks-${CONFIGURATION}-output-files.xcfilelist",
			);
			runOnlyForDeploymentPostprocessing = 0;
			shellPath = /bin/sh;
			shellScript = "\"${PODS_ROOT}/Target Support Files/Pods-BankMisr/Pods-BankMisr-frameworks.sh\"\n";
			showEnvVarsInLog = 0;
		};
/* End PBXShellScriptBuildPhase section */

/* Begin PBXSourcesBuildPhase section */
		9C982F7129379474003D2FB6 /* Sources */ = {
			isa = PBXSourcesBuildPhase;
			buildActionMask = 2147483647;
			files = (
				9C982F8F2937ACB8003D2FB6 /* CurrencyModel.swift in Sources */,
				9C169708293947AE00D858AF /* APIRoutes.swift in Sources */,
				9C982F8D2937A7E2003D2FB6 /* CurrencyConverterViewModel.swift in Sources */,
				9CD86FE1293803B0002246CC /* Double+Extension.swift in Sources */,
				9C982F7D29379474003D2FB6 /* ConvertViewController.swift in Sources */,
				9C677627293C877900EE2979 /* SymbolsCodable.swift in Sources */,
				9C982F7929379474003D2FB6 /* AppDelegate.swift in Sources */,
				9C16970E293A034C00D858AF /* BMBaseViewModel.swift in Sources */,
				9CD86FDF29380399002246CC /* String+Extension.swift in Sources */,
				9C1696FB29393CD300D858AF /* APICall.swift in Sources */,
				9C1696FE29393E0300D858AF /* HttpStatusCode.swift in Sources */,
				9C982F7B29379474003D2FB6 /* SceneDelegate.swift in Sources */,
				9C1697022939437100D858AF /* BMError.swift in Sources */,
				9C169710293A03D700D858AF /* Repository.swift in Sources */,
				9C1697062939464000D858AF /* URLCreator.swift in Sources */,
				9C16970C2939F8CC00D858AF /* TodoListCodable.swift in Sources */,
				9C16970A2939F7ED00D858AF /* TodoCodable.swift in Sources */,
				9C16970029393F7500D858AF /* Const.swift in Sources */,
			);
			runOnlyForDeploymentPostprocessing = 0;
		};
/* End PBXSourcesBuildPhase section */

/* Begin PBXVariantGroup section */
		9C982F7E29379474003D2FB6 /* Main.storyboard */ = {
			isa = PBXVariantGroup;
			children = (
				9C982F7F29379474003D2FB6 /* Base */,
			);
			name = Main.storyboard;
			sourceTree = "<group>";
		};
		9C982F8329379476003D2FB6 /* LaunchScreen.storyboard */ = {
			isa = PBXVariantGroup;
			children = (
				9C982F8429379476003D2FB6 /* Base */,
			);
			name = LaunchScreen.storyboard;
			sourceTree = "<group>";
		};
/* End PBXVariantGroup section */

/* Begin XCBuildConfiguration section */
		9C982F8729379476003D2FB6 /* Debug */ = {
			isa = XCBuildConfiguration;
			buildSettings = {
				ALWAYS_SEARCH_USER_PATHS = NO;
				CLANG_ANALYZER_NONNULL = YES;
				CLANG_ANALYZER_NUMBER_OBJECT_CONVERSION = YES_AGGRESSIVE;
				CLANG_CXX_LANGUAGE_STANDARD = "gnu++17";
				CLANG_ENABLE_MODULES = YES;
				CLANG_ENABLE_OBJC_ARC = YES;
				CLANG_ENABLE_OBJC_WEAK = YES;
				CLANG_WARN_BLOCK_CAPTURE_AUTORELEASING = YES;
				CLANG_WARN_BOOL_CONVERSION = YES;
				CLANG_WARN_COMMA = YES;
				CLANG_WARN_CONSTANT_CONVERSION = YES;
				CLANG_WARN_DEPRECATED_OBJC_IMPLEMENTATIONS = YES;
				CLANG_WARN_DIRECT_OBJC_ISA_USAGE = YES_ERROR;
				CLANG_WARN_DOCUMENTATION_COMMENTS = YES;
				CLANG_WARN_EMPTY_BODY = YES;
				CLANG_WARN_ENUM_CONVERSION = YES;
				CLANG_WARN_INFINITE_RECURSION = YES;
				CLANG_WARN_INT_CONVERSION = YES;
				CLANG_WARN_NON_LITERAL_NULL_CONVERSION = YES;
				CLANG_WARN_OBJC_IMPLICIT_RETAIN_SELF = YES;
				CLANG_WARN_OBJC_LITERAL_CONVERSION = YES;
				CLANG_WARN_OBJC_ROOT_CLASS = YES_ERROR;
				CLANG_WARN_QUOTED_INCLUDE_IN_FRAMEWORK_HEADER = YES;
				CLANG_WARN_RANGE_LOOP_ANALYSIS = YES;
				CLANG_WARN_STRICT_PROTOTYPES = YES;
				CLANG_WARN_SUSPICIOUS_MOVE = YES;
				CLANG_WARN_UNGUARDED_AVAILABILITY = YES_AGGRESSIVE;
				CLANG_WARN_UNREACHABLE_CODE = YES;
				CLANG_WARN__DUPLICATE_METHOD_MATCH = YES;
				COPY_PHASE_STRIP = NO;
				DEBUG_INFORMATION_FORMAT = dwarf;
				ENABLE_STRICT_OBJC_MSGSEND = YES;
				ENABLE_TESTABILITY = YES;
				GCC_C_LANGUAGE_STANDARD = gnu11;
				GCC_DYNAMIC_NO_PIC = NO;
				GCC_NO_COMMON_BLOCKS = YES;
				GCC_OPTIMIZATION_LEVEL = 0;
				GCC_PREPROCESSOR_DEFINITIONS = (
					"DEBUG=1",
					"$(inherited)",
				);
				GCC_WARN_64_TO_32_BIT_CONVERSION = YES;
				GCC_WARN_ABOUT_RETURN_TYPE = YES_ERROR;
				GCC_WARN_UNDECLARED_SELECTOR = YES;
				GCC_WARN_UNINITIALIZED_AUTOS = YES_AGGRESSIVE;
				GCC_WARN_UNUSED_FUNCTION = YES;
				GCC_WARN_UNUSED_VARIABLE = YES;
				IPHONEOS_DEPLOYMENT_TARGET = 15.5;
				MTL_ENABLE_DEBUG_INFO = INCLUDE_SOURCE;
				MTL_FAST_MATH = YES;
				ONLY_ACTIVE_ARCH = YES;
				SDKROOT = iphoneos;
				SWIFT_ACTIVE_COMPILATION_CONDITIONS = DEBUG;
				SWIFT_OPTIMIZATION_LEVEL = "-Onone";
			};
			name = Debug;
		};
		9C982F8829379476003D2FB6 /* Release */ = {
			isa = XCBuildConfiguration;
			buildSettings = {
				ALWAYS_SEARCH_USER_PATHS = NO;
				CLANG_ANALYZER_NONNULL = YES;
				CLANG_ANALYZER_NUMBER_OBJECT_CONVERSION = YES_AGGRESSIVE;
				CLANG_CXX_LANGUAGE_STANDARD = "gnu++17";
				CLANG_ENABLE_MODULES = YES;
				CLANG_ENABLE_OBJC_ARC = YES;
				CLANG_ENABLE_OBJC_WEAK = YES;
				CLANG_WARN_BLOCK_CAPTURE_AUTORELEASING = YES;
				CLANG_WARN_BOOL_CONVERSION = YES;
				CLANG_WARN_COMMA = YES;
				CLANG_WARN_CONSTANT_CONVERSION = YES;
				CLANG_WARN_DEPRECATED_OBJC_IMPLEMENTATIONS = YES;
				CLANG_WARN_DIRECT_OBJC_ISA_USAGE = YES_ERROR;
				CLANG_WARN_DOCUMENTATION_COMMENTS = YES;
				CLANG_WARN_EMPTY_BODY = YES;
				CLANG_WARN_ENUM_CONVERSION = YES;
				CLANG_WARN_INFINITE_RECURSION = YES;
				CLANG_WARN_INT_CONVERSION = YES;
				CLANG_WARN_NON_LITERAL_NULL_CONVERSION = YES;
				CLANG_WARN_OBJC_IMPLICIT_RETAIN_SELF = YES;
				CLANG_WARN_OBJC_LITERAL_CONVERSION = YES;
				CLANG_WARN_OBJC_ROOT_CLASS = YES_ERROR;
				CLANG_WARN_QUOTED_INCLUDE_IN_FRAMEWORK_HEADER = YES;
				CLANG_WARN_RANGE_LOOP_ANALYSIS = YES;
				CLANG_WARN_STRICT_PROTOTYPES = YES;
				CLANG_WARN_SUSPICIOUS_MOVE = YES;
				CLANG_WARN_UNGUARDED_AVAILABILITY = YES_AGGRESSIVE;
				CLANG_WARN_UNREACHABLE_CODE = YES;
				CLANG_WARN__DUPLICATE_METHOD_MATCH = YES;
				COPY_PHASE_STRIP = NO;
				DEBUG_INFORMATION_FORMAT = "dwarf-with-dsym";
				ENABLE_NS_ASSERTIONS = NO;
				ENABLE_STRICT_OBJC_MSGSEND = YES;
				GCC_C_LANGUAGE_STANDARD = gnu11;
				GCC_NO_COMMON_BLOCKS = YES;
				GCC_WARN_64_TO_32_BIT_CONVERSION = YES;
				GCC_WARN_ABOUT_RETURN_TYPE = YES_ERROR;
				GCC_WARN_UNDECLARED_SELECTOR = YES;
				GCC_WARN_UNINITIALIZED_AUTOS = YES_AGGRESSIVE;
				GCC_WARN_UNUSED_FUNCTION = YES;
				GCC_WARN_UNUSED_VARIABLE = YES;
				IPHONEOS_DEPLOYMENT_TARGET = 15.5;
				MTL_ENABLE_DEBUG_INFO = NO;
				MTL_FAST_MATH = YES;
				SDKROOT = iphoneos;
				SWIFT_COMPILATION_MODE = wholemodule;
				SWIFT_OPTIMIZATION_LEVEL = "-O";
				VALIDATE_PRODUCT = YES;
			};
			name = Release;
		};
		9C982F8A29379476003D2FB6 /* Debug */ = {
			isa = XCBuildConfiguration;
			baseConfigurationReference = AE00396EF9BFAE2A3C40FD4F /* Pods-BankMisr.debug.xcconfig */;
			buildSettings = {
				ASSETCATALOG_COMPILER_APPICON_NAME = AppIcon;
				ASSETCATALOG_COMPILER_GLOBAL_ACCENT_COLOR_NAME = AccentColor;
				CODE_SIGN_STYLE = Automatic;
				CURRENT_PROJECT_VERSION = 1;
				GENERATE_INFOPLIST_FILE = YES;
				INFOPLIST_FILE = BankMisr/Info.plist;
				INFOPLIST_KEY_UIApplicationSupportsIndirectInputEvents = YES;
				INFOPLIST_KEY_UILaunchStoryboardName = LaunchScreen;
				INFOPLIST_KEY_UIMainStoryboardFile = Main;
				INFOPLIST_KEY_UISupportedInterfaceOrientations_iPad = "UIInterfaceOrientationPortrait UIInterfaceOrientationPortraitUpsideDown UIInterfaceOrientationLandscapeLeft UIInterfaceOrientationLandscapeRight";
				INFOPLIST_KEY_UISupportedInterfaceOrientations_iPhone = "UIInterfaceOrientationPortrait UIInterfaceOrientationLandscapeLeft UIInterfaceOrientationLandscapeRight";
				LD_RUNPATH_SEARCH_PATHS = (
					"$(inherited)",
					"@executable_path/Frameworks",
				);
				MARKETING_VERSION = 1.0;
				PRODUCT_BUNDLE_IDENTIFIER = com.bankalmisr.BankMisr;
				PRODUCT_NAME = "$(TARGET_NAME)";
				SWIFT_EMIT_LOC_STRINGS = YES;
				SWIFT_VERSION = 5.0;
				TARGETED_DEVICE_FAMILY = "1,2";
			};
			name = Debug;
		};
		9C982F8B29379476003D2FB6 /* Release */ = {
			isa = XCBuildConfiguration;
			baseConfigurationReference = 4DC71450C11278C68DE1A1F2 /* Pods-BankMisr.release.xcconfig */;
			buildSettings = {
				ASSETCATALOG_COMPILER_APPICON_NAME = AppIcon;
				ASSETCATALOG_COMPILER_GLOBAL_ACCENT_COLOR_NAME = AccentColor;
				CODE_SIGN_STYLE = Automatic;
				CURRENT_PROJECT_VERSION = 1;
				GENERATE_INFOPLIST_FILE = YES;
				INFOPLIST_FILE = BankMisr/Info.plist;
				INFOPLIST_KEY_UIApplicationSupportsIndirectInputEvents = YES;
				INFOPLIST_KEY_UILaunchStoryboardName = LaunchScreen;
				INFOPLIST_KEY_UIMainStoryboardFile = Main;
				INFOPLIST_KEY_UISupportedInterfaceOrientations_iPad = "UIInterfaceOrientationPortrait UIInterfaceOrientationPortraitUpsideDown UIInterfaceOrientationLandscapeLeft UIInterfaceOrientationLandscapeRight";
				INFOPLIST_KEY_UISupportedInterfaceOrientations_iPhone = "UIInterfaceOrientationPortrait UIInterfaceOrientationLandscapeLeft UIInterfaceOrientationLandscapeRight";
				LD_RUNPATH_SEARCH_PATHS = (
					"$(inherited)",
					"@executable_path/Frameworks",
				);
				MARKETING_VERSION = 1.0;
				PRODUCT_BUNDLE_IDENTIFIER = com.bankalmisr.BankMisr;
				PRODUCT_NAME = "$(TARGET_NAME)";
				SWIFT_EMIT_LOC_STRINGS = YES;
				SWIFT_VERSION = 5.0;
				TARGETED_DEVICE_FAMILY = "1,2";
			};
			name = Release;
		};
/* End XCBuildConfiguration section */

/* Begin XCConfigurationList section */
		9C982F7029379474003D2FB6 /* Build configuration list for PBXProject "BankMisr" */ = {
			isa = XCConfigurationList;
			buildConfigurations = (
				9C982F8729379476003D2FB6 /* Debug */,
				9C982F8829379476003D2FB6 /* Release */,
			);
			defaultConfigurationIsVisible = 0;
			defaultConfigurationName = Release;
		};
		9C982F8929379476003D2FB6 /* Build configuration list for PBXNativeTarget "BankMisr" */ = {
			isa = XCConfigurationList;
			buildConfigurations = (
				9C982F8A29379476003D2FB6 /* Debug */,
				9C982F8B29379476003D2FB6 /* Release */,
			);
			defaultConfigurationIsVisible = 0;
			defaultConfigurationName = Release;
		};
/* End XCConfigurationList section */
	};
	rootObject = 9C982F6D29379474003D2FB6 /* Project object */;
}
